
Microsoft Visual Studio Solution File, Format Version 12.00
# Visual Studio Version 17
VisualStudioVersion = 17.2.32630.192
MinimumVisualStudioVersion = 10.0.40219.1
Project("{9A19103F-16F7-4668-BE54-9A1E7A4F7556}") = "PizzaShop.MVC", "Homework4\PizzaShop.MVC.csproj", "{97966842-98CC-4156-93FA-C297D51D5C1F}"
	ProjectSection(ProjectDependencies) = postProject
		{127B1263-27AB-411C-87CA-221E00CC1D3F} = {127B1263-27AB-411C-87CA-221E00CC1D3F}
		{FD2257F6-3B74-424E-AC47-E196FB5708BD} = {FD2257F6-3B74-424E-AC47-E196FB5708BD}
	EndProjectSection
EndProject
Project("{9A19103F-16F7-4668-BE54-9A1E7A4F7556}") = "PizzaShop.Dal", "PizzaShop.Dal\PizzaShop.Dal.csproj", "{FD2257F6-3B74-424E-AC47-E196FB5708BD}"
EndProject
Project("{9A19103F-16F7-4668-BE54-9A1E7A4F7556}") = "PizzaShop.Models", "PizzaShop.Models\PizzaShop.Models.csproj", "{127B1263-27AB-411C-87CA-221E00CC1D3F}"
EndProject
Project("{FAE04EC0-301F-11D3-BF4B-00C04F79EFBC}") = "PizzaShop.Tests", "PizzaShop.Tests\PizzaShop.Tests.csproj", "{134B861E-DF43-4CA0-8BAB-84998874AA31}"
EndProject
Global
	GlobalSection(SolutionConfigurationPlatforms) = preSolution
		Debug|Any CPU = Debug|Any CPU
		Release|Any CPU = Release|Any CPU
	EndGlobalSection
	GlobalSection(ProjectConfigurationPlatforms) = postSolution
		{97966842-98CC-4156-93FA-C297D51D5C1F}.Debug|Any CPU.ActiveCfg = Debug|Any CPU
		{97966842-98CC-4156-93FA-C297D51D5C1F}.Debug|Any CPU.Build.0 = Debug|Any CPU
		{97966842-98CC-4156-93FA-C297D51D5C1F}.Release|Any CPU.ActiveCfg = Release|Any CPU
		{97966842-98CC-4156-93FA-C297D51D5C1F}.Release|Any CPU.Build.0 = Release|Any CPU
		{FD2257F6-3B74-424E-AC47-E196FB5708BD}.Debug|Any CPU.ActiveCfg = Debug|Any CPU
		{FD2257F6-3B74-424E-AC47-E196FB5708BD}.Debug|Any CPU.Build.0 = Debug|Any CPU
		{FD2257F6-3B74-424E-AC47-E196FB5708BD}.Release|Any CPU.ActiveCfg = Release|Any CPU
		{FD2257F6-3B74-424E-AC47-E196FB5708BD}.Release|Any CPU.Build.0 = Release|Any CPU
		{127B1263-27AB-411C-87CA-221E00CC1D3F}.Debug|Any CPU.ActiveCfg = Debug|Any CPU
		{127B1263-27AB-411C-87CA-221E00CC1D3F}.Debug|Any CPU.Build.0 = Debug|Any CPU
		{127B1263-27AB-411C-87CA-221E00CC1D3F}.Release|Any CPU.ActiveCfg = Release|Any CPU
		{127B1263-27AB-411C-87CA-221E00CC1D3F}.Release|Any CPU.Build.0 = Release|Any CPU
		{134B861E-DF43-4CA0-8BAB-84998874AA31}.Debug|Any CPU.ActiveCfg = Debug|Any CPU
		{134B861E-DF43-4CA0-8BAB-84998874AA31}.Debug|Any CPU.Build.0 = Debug|Any CPU
		{134B861E-DF43-4CA0-8BAB-84998874AA31}.Release|Any CPU.ActiveCfg = Release|Any CPU
		{134B861E-DF43-4CA0-8BAB-84998874AA31}.Release|Any CPU.Build.0 = Release|Any CPU
	EndGlobalSection
	GlobalSection(SolutionProperties) = preSolution
		HideSolutionNode = FALSE
	EndGlobalSection
	GlobalSection(ExtensibilityGlobals) = postSolution
		SolutionGuid = {9AAD0936-200B-4B52-B3C0-F0881D19AEE9}
	EndGlobalSection
EndGlobal
